
Microsoft Visual Studio Solution File, Format Version 12.00
Project("{FAE04EC0-301F-11D3-BF4B-00C04F79EFBC}") = "SQLWorker.Web", "SQLWorker.Web\SQLWorker.Web.csproj", "{2A5B876E-4AB4-4EA1-9947-2470D07F5785}"
EndProject
Project("{FAE04EC0-301F-11D3-BF4B-00C04F79EFBC}") = "SQLWorker.DAL", "SQLWorker.DAL\SQLWorker.DAL.csproj", "{FE631467-708A-4A6F-85DC-47EE6D1E8CBD}"
EndProject
Project("{FAE04EC0-301F-11D3-BF4B-00C04F79EFBC}") = "SQLWorker.BLL", "SQLWorker.BLL\SQLWorker.BLL.csproj", "{44FF94B4-1B66-4FB7-B1B0-4BF0E9A97FD5}"
EndProject
Project("{2150E333-8FDC-42A3-9474-1A3956D46DE8}") = "Tests", "Tests", "{B931893F-CA32-4BD7-8E4F-1FC58DD77AD5}"
EndProject
Project("{FAE04EC0-301F-11D3-BF4B-00C04F79EFBC}") = "SQLWorker.AcceptanceTests", "SQLWorker.AcceptanceTests\SQLWorker.AcceptanceTests.csproj", "{92EABD4F-327D-4D74-8A59-883AA427A0BF}"
EndProject
Project("{FAE04EC0-301F-11D3-BF4B-00C04F79EFBC}") = "SQLWorker.UnitTests", "SQLWorker.UnitTests\SQLWorker.UnitTests.csproj", "{F4B44A37-772D-46D9-B044-6DFD6C6AA5E2}"
EndProject
Global
	GlobalSection(SolutionConfigurationPlatforms) = preSolution
		Debug|Any CPU = Debug|Any CPU
		Release|Any CPU = Release|Any CPU
	EndGlobalSection
	GlobalSection(ProjectConfigurationPlatforms) = postSolution
		{2A5B876E-4AB4-4EA1-9947-2470D07F5785}.Debug|Any CPU.ActiveCfg = Debug|Any CPU
		{2A5B876E-4AB4-4EA1-9947-2470D07F5785}.Debug|Any CPU.Build.0 = Debug|Any CPU
		{2A5B876E-4AB4-4EA1-9947-2470D07F5785}.Release|Any CPU.ActiveCfg = Release|Any CPU
		{2A5B876E-4AB4-4EA1-9947-2470D07F5785}.Release|Any CPU.Build.0 = Release|Any CPU
		{FE631467-708A-4A6F-85DC-47EE6D1E8CBD}.Debug|Any CPU.ActiveCfg = Debug|Any CPU
		{FE631467-708A-4A6F-85DC-47EE6D1E8CBD}.Debug|Any CPU.Build.0 = Debug|Any CPU
		{FE631467-708A-4A6F-85DC-47EE6D1E8CBD}.Release|Any CPU.ActiveCfg = Release|Any CPU
		{FE631467-708A-4A6F-85DC-47EE6D1E8CBD}.Release|Any CPU.Build.0 = Release|Any CPU
		{44FF94B4-1B66-4FB7-B1B0-4BF0E9A97FD5}.Debug|Any CPU.ActiveCfg = Debug|Any CPU
		{44FF94B4-1B66-4FB7-B1B0-4BF0E9A97FD5}.Debug|Any CPU.Build.0 = Debug|Any CPU
		{44FF94B4-1B66-4FB7-B1B0-4BF0E9A97FD5}.Release|Any CPU.ActiveCfg = Release|Any CPU
		{44FF94B4-1B66-4FB7-B1B0-4BF0E9A97FD5}.Release|Any CPU.Build.0 = Release|Any CPU
		{92EABD4F-327D-4D74-8A59-883AA427A0BF}.Debug|Any CPU.ActiveCfg = Debug|Any CPU
		{92EABD4F-327D-4D74-8A59-883AA427A0BF}.Debug|Any CPU.Build.0 = Debug|Any CPU
		{92EABD4F-327D-4D74-8A59-883AA427A0BF}.Release|Any CPU.ActiveCfg = Release|Any CPU
		{92EABD4F-327D-4D74-8A59-883AA427A0BF}.Release|Any CPU.Build.0 = Release|Any CPU
		{F4B44A37-772D-46D9-B044-6DFD6C6AA5E2}.Debug|Any CPU.ActiveCfg = Debug|Any CPU
		{F4B44A37-772D-46D9-B044-6DFD6C6AA5E2}.Debug|Any CPU.Build.0 = Debug|Any CPU
		{F4B44A37-772D-46D9-B044-6DFD6C6AA5E2}.Release|Any CPU.ActiveCfg = Release|Any CPU
		{F4B44A37-772D-46D9-B044-6DFD6C6AA5E2}.Release|Any CPU.Build.0 = Release|Any CPU
	EndGlobalSection
	GlobalSection(NestedProjects) = preSolution
		{92EABD4F-327D-4D74-8A59-883AA427A0BF} = {B931893F-CA32-4BD7-8E4F-1FC58DD77AD5}
		{F4B44A37-772D-46D9-B044-6DFD6C6AA5E2} = {B931893F-CA32-4BD7-8E4F-1FC58DD77AD5}
	EndGlobalSection
EndGlobal
